
Microsoft Visual Studio Solution File, Format Version 12.00
# Visual Studio Version 17
VisualStudioVersion = 17.8.34330.188
MinimumVisualStudioVersion = 10.0.40219.1
Project("{9A19103F-16F7-4668-BE54-9A1E7A4F7556}") = "VillaProject_API", "VillaProject_API\VillaProject_API.csproj", "{2D4730CE-36D3-4F79-98FB-D74DE89D2943}"
EndProject
Project("{FAE04EC0-301F-11D3-BF4B-00C04F79EFBC}") = "VillaProject_WEB", "VillaProject_WEB\VillaProject_WEB.csproj", "{03D772F8-7F2D-4226-BDFF-B6B4AC40E06C}"
EndProject
Project("{FAE04EC0-301F-11D3-BF4B-00C04F79EFBC}") = "VillaProject_Utility", "VillaProject_Utility\VillaProject_Utility.csproj", "{C0A3D0BA-8210-4AD9-9EA6-993AF1A3A5A0}"
EndProject
Global
	GlobalSection(SolutionConfigurationPlatforms) = preSolution
		Debug|Any CPU = Debug|Any CPU
		Release|Any CPU = Release|Any CPU
	EndGlobalSection
	GlobalSection(ProjectConfigurationPlatforms) = postSolution
		{2D4730CE-36D3-4F79-98FB-D74DE89D2943}.Debug|Any CPU.ActiveCfg = Debug|Any CPU
		{2D4730CE-36D3-4F79-98FB-D74DE89D2943}.Debug|Any CPU.Build.0 = Debug|Any CPU
		{2D4730CE-36D3-4F79-98FB-D74DE89D2943}.Release|Any CPU.ActiveCfg = Release|Any CPU
		{2D4730CE-36D3-4F79-98FB-D74DE89D2943}.Release|Any CPU.Build.0 = Release|Any CPU
		{03D772F8-7F2D-4226-BDFF-B6B4AC40E06C}.Debug|Any CPU.ActiveCfg = Debug|Any CPU
		{03D772F8-7F2D-4226-BDFF-B6B4AC40E06C}.Debug|Any CPU.Build.0 = Debug|Any CPU
		{03D772F8-7F2D-4226-BDFF-B6B4AC40E06C}.Release|Any CPU.ActiveCfg = Release|Any CPU
		{03D772F8-7F2D-4226-BDFF-B6B4AC40E06C}.Release|Any CPU.Build.0 = Release|Any CPU
		{C0A3D0BA-8210-4AD9-9EA6-993AF1A3A5A0}.Debug|Any CPU.ActiveCfg = Debug|Any CPU
		{C0A3D0BA-8210-4AD9-9EA6-993AF1A3A5A0}.Debug|Any CPU.Build.0 = Debug|Any CPU
		{C0A3D0BA-8210-4AD9-9EA6-993AF1A3A5A0}.Release|Any CPU.ActiveCfg = Release|Any CPU
		{C0A3D0BA-8210-4AD9-9EA6-993AF1A3A5A0}.Release|Any CPU.Build.0 = Release|Any CPU
	EndGlobalSection
	GlobalSection(SolutionProperties) = preSolution
		HideSolutionNode = FALSE
	EndGlobalSection
	GlobalSection(ExtensibilityGlobals) = postSolution
		SolutionGuid = {691D72DC-BF4B-4598-B5C6-2C5CDB6E12A4}
	EndGlobalSection
EndGlobal
